
Microsoft Visual Studio Solution File, Format Version 12.00
# Visual Studio Version 17
VisualStudioVersion = 17.8.34330.188
MinimumVisualStudioVersion = 10.0.40219.1
Project("{FAE04EC0-301F-11D3-BF4B-00C04F79EFBC}") = "The Defense of Consolas", "The Defense of Consolas\The Defense of Consolas.csproj", "{22FBB5C4-2A5E-4FE8-97BA-D99EFCB5B4BF}"
EndProject
Global
	GlobalSection(SolutionConfigurationPlatforms) = preSolution
		Debug|Any CPU = Debug|Any CPU
		Release|Any CPU = Release|Any CPU
	EndGlobalSection
	GlobalSection(ProjectConfigurationPlatforms) = postSolution
		{22FBB5C4-2A5E-4FE8-97BA-D99EFCB5B4BF}.Debug|Any CPU.ActiveCfg = Debug|Any CPU
		{22FBB5C4-2A5E-4FE8-97BA-D99EFCB5B4BF}.Debug|Any CPU.Build.0 = Debug|Any CPU
		{22FBB5C4-2A5E-4FE8-97BA-D99EFCB5B4BF}.Release|Any CPU.ActiveCfg = Release|Any CPU
		{22FBB5C4-2A5E-4FE8-97BA-D99EFCB5B4BF}.Release|Any CPU.Build.0 = Release|Any CPU
	EndGlobalSection
	GlobalSection(SolutionProperties) = preSolution
		HideSolutionNode = FALSE
	EndGlobalSection
	GlobalSection(ExtensibilityGlobals) = postSolution
		SolutionGuid = {4E4BBD22-062A-4D7C-8F5C-AAA1D6869F88}
	EndGlobalSection
EndGlobal
