
Microsoft Visual Studio Solution File, Format Version 12.00
# Visual Studio Version 17
VisualStudioVersion = 17.8.34330.188
MinimumVisualStudioVersion = 10.0.40219.1
Project("{9A19103F-16F7-4668-BE54-9A1E7A4F7556}") = "ConsoleIO", "..\ConsoleIO.csproj", "{AB592528-306B-4538-A2DE-EE4904D79D4D}"
EndProject
Global
	GlobalSection(SolutionConfigurationPlatforms) = preSolution
		Debug|Any CPU = Debug|Any CPU
		Release|Any CPU = Release|Any CPU
	EndGlobalSection
	GlobalSection(ProjectConfigurationPlatforms) = postSolution
		{AB592528-306B-4538-A2DE-EE4904D79D4D}.Debug|Any CPU.ActiveCfg = Debug|Any CPU
		{AB592528-306B-4538-A2DE-EE4904D79D4D}.Debug|Any CPU.Build.0 = Debug|Any CPU
		{AB592528-306B-4538-A2DE-EE4904D79D4D}.Release|Any CPU.ActiveCfg = Release|Any CPU
		{AB592528-306B-4538-A2DE-EE4904D79D4D}.Release|Any CPU.Build.0 = Release|Any CPU
	EndGlobalSection
	GlobalSection(SolutionProperties) = preSolution
		HideSolutionNode = FALSE
	EndGlobalSection
	GlobalSection(ExtensibilityGlobals) = postSolution
		SolutionGuid = {F100A047-9C11-4349-AB5D-B56233CD9720}
	EndGlobalSection
EndGlobal
