
Microsoft Visual Studio Solution File, Format Version 12.00
# Visual Studio Version 17
VisualStudioVersion = 17.8.34330.188
MinimumVisualStudioVersion = 10.0.40219.1
Project("{FAE04EC0-301F-11D3-BF4B-00C04F79EFBC}") = "The Prototype", "The Prototype\The Prototype.csproj", "{96554496-F2DC-496A-954F-D725767FE366}"
EndProject
Project("{FAE04EC0-301F-11D3-BF4B-00C04F79EFBC}") = "The Magic Cannon", "The Magic Cannon\The Magic Cannon.csproj", "{CA2BD1CD-7179-47F5-8852-77920A280879}"
EndProject
Global
	GlobalSection(SolutionConfigurationPlatforms) = preSolution
		Debug|Any CPU = Debug|Any CPU
		Release|Any CPU = Release|Any CPU
	EndGlobalSection
	GlobalSection(ProjectConfigurationPlatforms) = postSolution
		{96554496-F2DC-496A-954F-D725767FE366}.Debug|Any CPU.ActiveCfg = Debug|Any CPU
		{96554496-F2DC-496A-954F-D725767FE366}.Debug|Any CPU.Build.0 = Debug|Any CPU
		{96554496-F2DC-496A-954F-D725767FE366}.Release|Any CPU.ActiveCfg = Release|Any CPU
		{96554496-F2DC-496A-954F-D725767FE366}.Release|Any CPU.Build.0 = Release|Any CPU
		{CA2BD1CD-7179-47F5-8852-77920A280879}.Debug|Any CPU.ActiveCfg = Debug|Any CPU
		{CA2BD1CD-7179-47F5-8852-77920A280879}.Debug|Any CPU.Build.0 = Debug|Any CPU
		{CA2BD1CD-7179-47F5-8852-77920A280879}.Release|Any CPU.ActiveCfg = Release|Any CPU
		{CA2BD1CD-7179-47F5-8852-77920A280879}.Release|Any CPU.Build.0 = Release|Any CPU
	EndGlobalSection
	GlobalSection(SolutionProperties) = preSolution
		HideSolutionNode = FALSE
	EndGlobalSection
	GlobalSection(ExtensibilityGlobals) = postSolution
		SolutionGuid = {CCB9FA11-D5CE-4C40-A557-85F619FB8ABC}
	EndGlobalSection
EndGlobal
