
Microsoft Visual Studio Solution File, Format Version 12.00
# Visual Studio Version 17
VisualStudioVersion = 17.8.34330.188
MinimumVisualStudioVersion = 10.0.40219.1
Project("{9A19103F-16F7-4668-BE54-9A1E7A4F7556}") = "Simula's Test", "Simula's Test\Simula's Test.csproj", "{B3182F53-4F26-4497-A195-435B7D2B54B3}"
EndProject
Project("{9A19103F-16F7-4668-BE54-9A1E7A4F7556}") = "Simula's Soup", "Simula's Soup\Simula's Soup.csproj", "{E8F05029-0D89-4F84-9F0F-9E64E3C31FB6}"
EndProject
Project("{9A19103F-16F7-4668-BE54-9A1E7A4F7556}") = "Vin Fletcher's Arrows", "Vin Fletcher's Arrows\Vin Fletcher's Arrows.csproj", "{2367AC1F-F342-414B-97AB-A16EBDCD7CCC}"
EndProject
Project("{9A19103F-16F7-4668-BE54-9A1E7A4F7556}") = "Vin's Trouble", "Vin's Trouble\Vin's Trouble.csproj", "{CD950539-AA24-47E6-8872-439C409D0BEE}"
EndProject
Project("{9A19103F-16F7-4668-BE54-9A1E7A4F7556}") = "The Properties of Arrows", "The Properties of Arrows\The Properties of Arrows.csproj", "{9FABFEDA-770A-4964-B924-AB8E4BDC17B6}"
EndProject
Project("{9A19103F-16F7-4668-BE54-9A1E7A4F7556}") = "Arrow Factories", "Arrow Factories\Arrow Factories.csproj", "{EE13E9DB-04A9-4A84-A5AB-39A324B0D644}"
EndProject
Project("{9A19103F-16F7-4668-BE54-9A1E7A4F7556}") = "The Point", "The Point\The Point.csproj", "{B5058707-CA08-4FB6-9CD2-3F79AE8385D0}"
EndProject
Project("{9A19103F-16F7-4668-BE54-9A1E7A4F7556}") = "The Color", "The Color\The Color.csproj", "{BC871B7E-0F5C-4478-B728-B94FD8583555}"
EndProject
Project("{9A19103F-16F7-4668-BE54-9A1E7A4F7556}") = "The Card", "The Card\The Card.csproj", "{B9AF68A1-F7AC-4445-843B-D68CAD2FC889}"
EndProject
Project("{9A19103F-16F7-4668-BE54-9A1E7A4F7556}") = "The Locked Door", "The Locked Door\The Locked Door.csproj", "{5FEF4D6B-1880-4D6A-9338-E2EEAA6FD8EF}"
EndProject
Project("{9A19103F-16F7-4668-BE54-9A1E7A4F7556}") = "The Password Validator", "The Password Validator\The Password Validator.csproj", "{2A34E7DE-B932-4CD7-847F-663C1D46A0B8}"
EndProject
Project("{9A19103F-16F7-4668-BE54-9A1E7A4F7556}") = "Packing Inventory", "Packing Inventory\Packing Inventory.csproj", "{8E7398DA-E39E-4A5A-9A5B-1DBBE6DB753E}"
EndProject
Project("{9A19103F-16F7-4668-BE54-9A1E7A4F7556}") = "Labelling Inventory", "Labelling Inventory\Labelling Inventory.csproj", "{599BB51A-A604-449B-8F7E-4551A3560DE7}"
EndProject
Project("{9A19103F-16F7-4668-BE54-9A1E7A4F7556}") = "The Old Robot", "The Old Robot\The Old Robot.csproj", "{FC8F9F68-B654-4F76-8701-0753EB219023}"
EndProject
Project("{9A19103F-16F7-4668-BE54-9A1E7A4F7556}") = "Robotic Interface", "Robotic Interface\Robotic Interface.csproj", "{F8BD457A-0EFD-466D-904D-DF692B5E62DE}"
EndProject
Project("{9A19103F-16F7-4668-BE54-9A1E7A4F7556}") = "Room Coordinates", "Room Coordinates\Room Coordinates.csproj", "{5B9B6387-D0D6-42A5-8A00-2F9035B172BB}"
EndProject
Project("{9A19103F-16F7-4668-BE54-9A1E7A4F7556}") = "War Preparations", "War Preparations\War Preparations.csproj", "{FCFF094D-D378-4FBC-AAAE-3AC723B1F201}"
EndProject
Project("{9A19103F-16F7-4668-BE54-9A1E7A4F7556}") = "Colored Items", "ColoredItems\Colored Items.csproj", "{6F18B71A-EC30-49A3-B3E9-A2CED0AEF090}"
EndProject
Project("{9A19103F-16F7-4668-BE54-9A1E7A4F7556}") = "The Robot Pilot", "The Robot Pilot\The Robot Pilot.csproj", "{403F8728-A3F8-417B-AAA7-D8C88B3047C4}"
EndProject
Project("{FAE04EC0-301F-11D3-BF4B-00C04F79EFBC}") = "Lists of Commands", "Lists of Commands\Lists of Commands.csproj", "{C308CD26-1B32-4C44-BF07-3AFF77D0789E}"
EndProject
Global
	GlobalSection(SolutionConfigurationPlatforms) = preSolution
		Debug|Any CPU = Debug|Any CPU
		Release|Any CPU = Release|Any CPU
	EndGlobalSection
	GlobalSection(ProjectConfigurationPlatforms) = postSolution
		{B3182F53-4F26-4497-A195-435B7D2B54B3}.Debug|Any CPU.ActiveCfg = Debug|Any CPU
		{B3182F53-4F26-4497-A195-435B7D2B54B3}.Debug|Any CPU.Build.0 = Debug|Any CPU
		{B3182F53-4F26-4497-A195-435B7D2B54B3}.Release|Any CPU.ActiveCfg = Release|Any CPU
		{B3182F53-4F26-4497-A195-435B7D2B54B3}.Release|Any CPU.Build.0 = Release|Any CPU
		{E8F05029-0D89-4F84-9F0F-9E64E3C31FB6}.Debug|Any CPU.ActiveCfg = Debug|Any CPU
		{E8F05029-0D89-4F84-9F0F-9E64E3C31FB6}.Debug|Any CPU.Build.0 = Debug|Any CPU
		{E8F05029-0D89-4F84-9F0F-9E64E3C31FB6}.Release|Any CPU.ActiveCfg = Release|Any CPU
		{E8F05029-0D89-4F84-9F0F-9E64E3C31FB6}.Release|Any CPU.Build.0 = Release|Any CPU
		{2367AC1F-F342-414B-97AB-A16EBDCD7CCC}.Debug|Any CPU.ActiveCfg = Debug|Any CPU
		{2367AC1F-F342-414B-97AB-A16EBDCD7CCC}.Debug|Any CPU.Build.0 = Debug|Any CPU
		{2367AC1F-F342-414B-97AB-A16EBDCD7CCC}.Release|Any CPU.ActiveCfg = Release|Any CPU
		{2367AC1F-F342-414B-97AB-A16EBDCD7CCC}.Release|Any CPU.Build.0 = Release|Any CPU
		{CD950539-AA24-47E6-8872-439C409D0BEE}.Debug|Any CPU.ActiveCfg = Debug|Any CPU
		{CD950539-AA24-47E6-8872-439C409D0BEE}.Debug|Any CPU.Build.0 = Debug|Any CPU
		{CD950539-AA24-47E6-8872-439C409D0BEE}.Release|Any CPU.ActiveCfg = Release|Any CPU
		{CD950539-AA24-47E6-8872-439C409D0BEE}.Release|Any CPU.Build.0 = Release|Any CPU
		{9FABFEDA-770A-4964-B924-AB8E4BDC17B6}.Debug|Any CPU.ActiveCfg = Debug|Any CPU
		{9FABFEDA-770A-4964-B924-AB8E4BDC17B6}.Debug|Any CPU.Build.0 = Debug|Any CPU
		{9FABFEDA-770A-4964-B924-AB8E4BDC17B6}.Release|Any CPU.ActiveCfg = Release|Any CPU
		{9FABFEDA-770A-4964-B924-AB8E4BDC17B6}.Release|Any CPU.Build.0 = Release|Any CPU
		{EE13E9DB-04A9-4A84-A5AB-39A324B0D644}.Debug|Any CPU.ActiveCfg = Debug|Any CPU
		{EE13E9DB-04A9-4A84-A5AB-39A324B0D644}.Debug|Any CPU.Build.0 = Debug|Any CPU
		{EE13E9DB-04A9-4A84-A5AB-39A324B0D644}.Release|Any CPU.ActiveCfg = Release|Any CPU
		{EE13E9DB-04A9-4A84-A5AB-39A324B0D644}.Release|Any CPU.Build.0 = Release|Any CPU
		{B5058707-CA08-4FB6-9CD2-3F79AE8385D0}.Debug|Any CPU.ActiveCfg = Debug|Any CPU
		{B5058707-CA08-4FB6-9CD2-3F79AE8385D0}.Debug|Any CPU.Build.0 = Debug|Any CPU
		{B5058707-CA08-4FB6-9CD2-3F79AE8385D0}.Release|Any CPU.ActiveCfg = Release|Any CPU
		{B5058707-CA08-4FB6-9CD2-3F79AE8385D0}.Release|Any CPU.Build.0 = Release|Any CPU
		{BC871B7E-0F5C-4478-B728-B94FD8583555}.Debug|Any CPU.ActiveCfg = Debug|Any CPU
		{BC871B7E-0F5C-4478-B728-B94FD8583555}.Debug|Any CPU.Build.0 = Debug|Any CPU
		{BC871B7E-0F5C-4478-B728-B94FD8583555}.Release|Any CPU.ActiveCfg = Release|Any CPU
		{BC871B7E-0F5C-4478-B728-B94FD8583555}.Release|Any CPU.Build.0 = Release|Any CPU
		{B9AF68A1-F7AC-4445-843B-D68CAD2FC889}.Debug|Any CPU.ActiveCfg = Debug|Any CPU
		{B9AF68A1-F7AC-4445-843B-D68CAD2FC889}.Debug|Any CPU.Build.0 = Debug|Any CPU
		{B9AF68A1-F7AC-4445-843B-D68CAD2FC889}.Release|Any CPU.ActiveCfg = Release|Any CPU
		{B9AF68A1-F7AC-4445-843B-D68CAD2FC889}.Release|Any CPU.Build.0 = Release|Any CPU
		{5FEF4D6B-1880-4D6A-9338-E2EEAA6FD8EF}.Debug|Any CPU.ActiveCfg = Debug|Any CPU
		{5FEF4D6B-1880-4D6A-9338-E2EEAA6FD8EF}.Debug|Any CPU.Build.0 = Debug|Any CPU
		{5FEF4D6B-1880-4D6A-9338-E2EEAA6FD8EF}.Release|Any CPU.ActiveCfg = Release|Any CPU
		{5FEF4D6B-1880-4D6A-9338-E2EEAA6FD8EF}.Release|Any CPU.Build.0 = Release|Any CPU
		{2A34E7DE-B932-4CD7-847F-663C1D46A0B8}.Debug|Any CPU.ActiveCfg = Debug|Any CPU
		{2A34E7DE-B932-4CD7-847F-663C1D46A0B8}.Debug|Any CPU.Build.0 = Debug|Any CPU
		{2A34E7DE-B932-4CD7-847F-663C1D46A0B8}.Release|Any CPU.ActiveCfg = Release|Any CPU
		{2A34E7DE-B932-4CD7-847F-663C1D46A0B8}.Release|Any CPU.Build.0 = Release|Any CPU
		{8E7398DA-E39E-4A5A-9A5B-1DBBE6DB753E}.Debug|Any CPU.ActiveCfg = Debug|Any CPU
		{8E7398DA-E39E-4A5A-9A5B-1DBBE6DB753E}.Debug|Any CPU.Build.0 = Debug|Any CPU
		{8E7398DA-E39E-4A5A-9A5B-1DBBE6DB753E}.Release|Any CPU.ActiveCfg = Release|Any CPU
		{8E7398DA-E39E-4A5A-9A5B-1DBBE6DB753E}.Release|Any CPU.Build.0 = Release|Any CPU
		{599BB51A-A604-449B-8F7E-4551A3560DE7}.Debug|Any CPU.ActiveCfg = Debug|Any CPU
		{599BB51A-A604-449B-8F7E-4551A3560DE7}.Debug|Any CPU.Build.0 = Debug|Any CPU
		{599BB51A-A604-449B-8F7E-4551A3560DE7}.Release|Any CPU.ActiveCfg = Release|Any CPU
		{599BB51A-A604-449B-8F7E-4551A3560DE7}.Release|Any CPU.Build.0 = Release|Any CPU
		{FC8F9F68-B654-4F76-8701-0753EB219023}.Debug|Any CPU.ActiveCfg = Debug|Any CPU
		{FC8F9F68-B654-4F76-8701-0753EB219023}.Debug|Any CPU.Build.0 = Debug|Any CPU
		{FC8F9F68-B654-4F76-8701-0753EB219023}.Release|Any CPU.ActiveCfg = Release|Any CPU
		{FC8F9F68-B654-4F76-8701-0753EB219023}.Release|Any CPU.Build.0 = Release|Any CPU
		{F8BD457A-0EFD-466D-904D-DF692B5E62DE}.Debug|Any CPU.ActiveCfg = Debug|Any CPU
		{F8BD457A-0EFD-466D-904D-DF692B5E62DE}.Debug|Any CPU.Build.0 = Debug|Any CPU
		{F8BD457A-0EFD-466D-904D-DF692B5E62DE}.Release|Any CPU.ActiveCfg = Release|Any CPU
		{F8BD457A-0EFD-466D-904D-DF692B5E62DE}.Release|Any CPU.Build.0 = Release|Any CPU
		{5B9B6387-D0D6-42A5-8A00-2F9035B172BB}.Debug|Any CPU.ActiveCfg = Debug|Any CPU
		{5B9B6387-D0D6-42A5-8A00-2F9035B172BB}.Debug|Any CPU.Build.0 = Debug|Any CPU
		{5B9B6387-D0D6-42A5-8A00-2F9035B172BB}.Release|Any CPU.ActiveCfg = Release|Any CPU
		{5B9B6387-D0D6-42A5-8A00-2F9035B172BB}.Release|Any CPU.Build.0 = Release|Any CPU
		{FCFF094D-D378-4FBC-AAAE-3AC723B1F201}.Debug|Any CPU.ActiveCfg = Debug|Any CPU
		{FCFF094D-D378-4FBC-AAAE-3AC723B1F201}.Debug|Any CPU.Build.0 = Debug|Any CPU
		{FCFF094D-D378-4FBC-AAAE-3AC723B1F201}.Release|Any CPU.ActiveCfg = Release|Any CPU
		{FCFF094D-D378-4FBC-AAAE-3AC723B1F201}.Release|Any CPU.Build.0 = Release|Any CPU
		{6F18B71A-EC30-49A3-B3E9-A2CED0AEF090}.Debug|Any CPU.ActiveCfg = Debug|Any CPU
		{6F18B71A-EC30-49A3-B3E9-A2CED0AEF090}.Debug|Any CPU.Build.0 = Debug|Any CPU
		{6F18B71A-EC30-49A3-B3E9-A2CED0AEF090}.Release|Any CPU.ActiveCfg = Release|Any CPU
		{6F18B71A-EC30-49A3-B3E9-A2CED0AEF090}.Release|Any CPU.Build.0 = Release|Any CPU
		{403F8728-A3F8-417B-AAA7-D8C88B3047C4}.Debug|Any CPU.ActiveCfg = Debug|Any CPU
		{403F8728-A3F8-417B-AAA7-D8C88B3047C4}.Debug|Any CPU.Build.0 = Debug|Any CPU
		{403F8728-A3F8-417B-AAA7-D8C88B3047C4}.Release|Any CPU.ActiveCfg = Release|Any CPU
		{403F8728-A3F8-417B-AAA7-D8C88B3047C4}.Release|Any CPU.Build.0 = Release|Any CPU
		{C308CD26-1B32-4C44-BF07-3AFF77D0789E}.Debug|Any CPU.ActiveCfg = Debug|Any CPU
		{C308CD26-1B32-4C44-BF07-3AFF77D0789E}.Debug|Any CPU.Build.0 = Debug|Any CPU
		{C308CD26-1B32-4C44-BF07-3AFF77D0789E}.Release|Any CPU.ActiveCfg = Release|Any CPU
		{C308CD26-1B32-4C44-BF07-3AFF77D0789E}.Release|Any CPU.Build.0 = Release|Any CPU
	EndGlobalSection
	GlobalSection(SolutionProperties) = preSolution
		HideSolutionNode = FALSE
	EndGlobalSection
	GlobalSection(ExtensibilityGlobals) = postSolution
		SolutionGuid = {2706BB1F-03D2-49B5-AFF8-B57F859E0652}
	EndGlobalSection
EndGlobal
