
Microsoft Visual Studio Solution File, Format Version 12.00
# Visual Studio Version 17
VisualStudioVersion = 17.8.34330.188
MinimumVisualStudioVersion = 10.0.40219.1
Project("{FAE04EC0-301F-11D3-BF4B-00C04F79EFBC}") = "Tic-Tac-Toe", "Tic-Tac-Toe\Tic-Tac-Toe.csproj", "{C5E6722E-ABE2-4D1F-8928-15321084A634}"
EndProject
Global
	GlobalSection(SolutionConfigurationPlatforms) = preSolution
		Debug|Any CPU = Debug|Any CPU
		Release|Any CPU = Release|Any CPU
	EndGlobalSection
	GlobalSection(ProjectConfigurationPlatforms) = postSolution
		{C5E6722E-ABE2-4D1F-8928-15321084A634}.Debug|Any CPU.ActiveCfg = Debug|Any CPU
		{C5E6722E-ABE2-4D1F-8928-15321084A634}.Debug|Any CPU.Build.0 = Debug|Any CPU
		{C5E6722E-ABE2-4D1F-8928-15321084A634}.Release|Any CPU.ActiveCfg = Release|Any CPU
		{C5E6722E-ABE2-4D1F-8928-15321084A634}.Release|Any CPU.Build.0 = Release|Any CPU
	EndGlobalSection
	GlobalSection(SolutionProperties) = preSolution
		HideSolutionNode = FALSE
	EndGlobalSection
	GlobalSection(ExtensibilityGlobals) = postSolution
		SolutionGuid = {1C089952-3105-4FC7-A3F8-47EEAAC9556A}
	EndGlobalSection
EndGlobal
