
Microsoft Visual Studio Solution File, Format Version 12.00
# Visual Studio Version 17
VisualStudioVersion = 17.8.34330.188
MinimumVisualStudioVersion = 10.0.40219.1
Project("{9A19103F-16F7-4668-BE54-9A1E7A4F7556}") = "The Feud", "The Feud\The Feud.csproj", "{CC6AFFD4-F479-4924-ABD1-D3E3074E97D3}"
EndProject
Project("{9A19103F-16F7-4668-BE54-9A1E7A4F7556}") = "Safer Number Crunching", "Safer Number Crunching\Safer Number Crunching.csproj", "{31ADA308-5A3C-4607-9743-F3661C83A67F}"
EndProject
Project("{FAE04EC0-301F-11D3-BF4B-00C04F79EFBC}") = "Better Random", "Better Random\Better Random.csproj", "{41913A9A-8319-444E-A701-0E02051511FB}"
EndProject
Global
	GlobalSection(SolutionConfigurationPlatforms) = preSolution
		Debug|Any CPU = Debug|Any CPU
		Release|Any CPU = Release|Any CPU
	EndGlobalSection
	GlobalSection(ProjectConfigurationPlatforms) = postSolution
		{CC6AFFD4-F479-4924-ABD1-D3E3074E97D3}.Debug|Any CPU.ActiveCfg = Debug|Any CPU
		{CC6AFFD4-F479-4924-ABD1-D3E3074E97D3}.Debug|Any CPU.Build.0 = Debug|Any CPU
		{CC6AFFD4-F479-4924-ABD1-D3E3074E97D3}.Release|Any CPU.ActiveCfg = Release|Any CPU
		{CC6AFFD4-F479-4924-ABD1-D3E3074E97D3}.Release|Any CPU.Build.0 = Release|Any CPU
		{31ADA308-5A3C-4607-9743-F3661C83A67F}.Debug|Any CPU.ActiveCfg = Debug|Any CPU
		{31ADA308-5A3C-4607-9743-F3661C83A67F}.Debug|Any CPU.Build.0 = Debug|Any CPU
		{31ADA308-5A3C-4607-9743-F3661C83A67F}.Release|Any CPU.ActiveCfg = Release|Any CPU
		{31ADA308-5A3C-4607-9743-F3661C83A67F}.Release|Any CPU.Build.0 = Release|Any CPU
		{41913A9A-8319-444E-A701-0E02051511FB}.Debug|Any CPU.ActiveCfg = Debug|Any CPU
		{41913A9A-8319-444E-A701-0E02051511FB}.Debug|Any CPU.Build.0 = Debug|Any CPU
		{41913A9A-8319-444E-A701-0E02051511FB}.Release|Any CPU.ActiveCfg = Release|Any CPU
		{41913A9A-8319-444E-A701-0E02051511FB}.Release|Any CPU.Build.0 = Release|Any CPU
	EndGlobalSection
	GlobalSection(SolutionProperties) = preSolution
		HideSolutionNode = FALSE
	EndGlobalSection
	GlobalSection(ExtensibilityGlobals) = postSolution
		SolutionGuid = {2233092A-74F6-4639-B347-69C2A8F5E428}
	EndGlobalSection
EndGlobal
