
Microsoft Visual Studio Solution File, Format Version 12.00
# Visual Studio Version 17
VisualStudioVersion = 17.8.34330.188
MinimumVisualStudioVersion = 10.0.40219.1
Project("{9A19103F-16F7-4668-BE54-9A1E7A4F7556}") = "The Feud", "The Feud\The Feud.csproj", "{CC6AFFD4-F479-4924-ABD1-D3E3074E97D3}"
EndProject
Project("{9A19103F-16F7-4668-BE54-9A1E7A4F7556}") = "Safer Number Crunching", "Safer Number Crunching\Safer Number Crunching.csproj", "{31ADA308-5A3C-4607-9743-F3661C83A67F}"
EndProject
Project("{9A19103F-16F7-4668-BE54-9A1E7A4F7556}") = "Better Random", "Better Random\Better Random.csproj", "{41913A9A-8319-444E-A701-0E02051511FB}"
EndProject
Project("{9A19103F-16F7-4668-BE54-9A1E7A4F7556}") = "Exepti's Game", "Exepti's Game\Exepti's Game.csproj", "{E6050939-28D5-419B-B3F8-9F2880AECE6F}"
EndProject
Project("{9A19103F-16F7-4668-BE54-9A1E7A4F7556}") = "The Sieve", "The Sieve\The Sieve.csproj", "{4095E26D-DD6E-4328-96C8-3414A799F127}"
EndProject
Project("{9A19103F-16F7-4668-BE54-9A1E7A4F7556}") = "Charberry Trees", "Charberry Trees\Charberry Trees.csproj", "{4B3B8BB3-9C7A-429D-A083-C48835CEC47A}"
EndProject
Project("{9A19103F-16F7-4668-BE54-9A1E7A4F7556}") = "The Lambda Sieve", "The Lambda Sieve\The Lambda Sieve.csproj", "{5226F053-AB84-4BA1-9991-6F315E7866C2}"
EndProject
Project("{9A19103F-16F7-4668-BE54-9A1E7A4F7556}") = "The Long Game", "The Long Game\The Long Game.csproj", "{E882E74B-16B9-4256-8785-4DDA430E0E75}"
EndProject
Project("{9A19103F-16F7-4668-BE54-9A1E7A4F7556}") = "The Potion Masters of Pattren", "The Potion Masters of Pattren\The Potion Masters of Pattren.csproj", "{B974A083-7DDD-44B2-838E-0B4844DD9546}"
EndProject
Project("{FAE04EC0-301F-11D3-BF4B-00C04F79EFBC}") = "Navigating Operand City", "Navigating Operand City\Navigating Operand City.csproj", "{65EF13D8-F90A-402B-B379-3884CB574DD1}"
EndProject
Project("{FAE04EC0-301F-11D3-BF4B-00C04F79EFBC}") = "The Three Lenses", "The Three Lenses\The Three Lenses.csproj", "{DF9E5CD7-87D9-4069-A5A3-2A4D6DF0F712}"
EndProject
Global
	GlobalSection(SolutionConfigurationPlatforms) = preSolution
		Debug|Any CPU = Debug|Any CPU
		Release|Any CPU = Release|Any CPU
	EndGlobalSection
	GlobalSection(ProjectConfigurationPlatforms) = postSolution
		{CC6AFFD4-F479-4924-ABD1-D3E3074E97D3}.Debug|Any CPU.ActiveCfg = Debug|Any CPU
		{CC6AFFD4-F479-4924-ABD1-D3E3074E97D3}.Debug|Any CPU.Build.0 = Debug|Any CPU
		{CC6AFFD4-F479-4924-ABD1-D3E3074E97D3}.Release|Any CPU.ActiveCfg = Release|Any CPU
		{CC6AFFD4-F479-4924-ABD1-D3E3074E97D3}.Release|Any CPU.Build.0 = Release|Any CPU
		{31ADA308-5A3C-4607-9743-F3661C83A67F}.Debug|Any CPU.ActiveCfg = Debug|Any CPU
		{31ADA308-5A3C-4607-9743-F3661C83A67F}.Debug|Any CPU.Build.0 = Debug|Any CPU
		{31ADA308-5A3C-4607-9743-F3661C83A67F}.Release|Any CPU.ActiveCfg = Release|Any CPU
		{31ADA308-5A3C-4607-9743-F3661C83A67F}.Release|Any CPU.Build.0 = Release|Any CPU
		{41913A9A-8319-444E-A701-0E02051511FB}.Debug|Any CPU.ActiveCfg = Debug|Any CPU
		{41913A9A-8319-444E-A701-0E02051511FB}.Debug|Any CPU.Build.0 = Debug|Any CPU
		{41913A9A-8319-444E-A701-0E02051511FB}.Release|Any CPU.ActiveCfg = Release|Any CPU
		{41913A9A-8319-444E-A701-0E02051511FB}.Release|Any CPU.Build.0 = Release|Any CPU
		{E6050939-28D5-419B-B3F8-9F2880AECE6F}.Debug|Any CPU.ActiveCfg = Debug|Any CPU
		{E6050939-28D5-419B-B3F8-9F2880AECE6F}.Debug|Any CPU.Build.0 = Debug|Any CPU
		{E6050939-28D5-419B-B3F8-9F2880AECE6F}.Release|Any CPU.ActiveCfg = Release|Any CPU
		{E6050939-28D5-419B-B3F8-9F2880AECE6F}.Release|Any CPU.Build.0 = Release|Any CPU
		{4095E26D-DD6E-4328-96C8-3414A799F127}.Debug|Any CPU.ActiveCfg = Debug|Any CPU
		{4095E26D-DD6E-4328-96C8-3414A799F127}.Debug|Any CPU.Build.0 = Debug|Any CPU
		{4095E26D-DD6E-4328-96C8-3414A799F127}.Release|Any CPU.ActiveCfg = Release|Any CPU
		{4095E26D-DD6E-4328-96C8-3414A799F127}.Release|Any CPU.Build.0 = Release|Any CPU
		{4B3B8BB3-9C7A-429D-A083-C48835CEC47A}.Debug|Any CPU.ActiveCfg = Debug|Any CPU
		{4B3B8BB3-9C7A-429D-A083-C48835CEC47A}.Debug|Any CPU.Build.0 = Debug|Any CPU
		{4B3B8BB3-9C7A-429D-A083-C48835CEC47A}.Release|Any CPU.ActiveCfg = Release|Any CPU
		{4B3B8BB3-9C7A-429D-A083-C48835CEC47A}.Release|Any CPU.Build.0 = Release|Any CPU
		{5226F053-AB84-4BA1-9991-6F315E7866C2}.Debug|Any CPU.ActiveCfg = Debug|Any CPU
		{5226F053-AB84-4BA1-9991-6F315E7866C2}.Debug|Any CPU.Build.0 = Debug|Any CPU
		{5226F053-AB84-4BA1-9991-6F315E7866C2}.Release|Any CPU.ActiveCfg = Release|Any CPU
		{5226F053-AB84-4BA1-9991-6F315E7866C2}.Release|Any CPU.Build.0 = Release|Any CPU
		{E882E74B-16B9-4256-8785-4DDA430E0E75}.Debug|Any CPU.ActiveCfg = Debug|Any CPU
		{E882E74B-16B9-4256-8785-4DDA430E0E75}.Debug|Any CPU.Build.0 = Debug|Any CPU
		{E882E74B-16B9-4256-8785-4DDA430E0E75}.Release|Any CPU.ActiveCfg = Release|Any CPU
		{E882E74B-16B9-4256-8785-4DDA430E0E75}.Release|Any CPU.Build.0 = Release|Any CPU
		{B974A083-7DDD-44B2-838E-0B4844DD9546}.Debug|Any CPU.ActiveCfg = Debug|Any CPU
		{B974A083-7DDD-44B2-838E-0B4844DD9546}.Debug|Any CPU.Build.0 = Debug|Any CPU
		{B974A083-7DDD-44B2-838E-0B4844DD9546}.Release|Any CPU.ActiveCfg = Release|Any CPU
		{B974A083-7DDD-44B2-838E-0B4844DD9546}.Release|Any CPU.Build.0 = Release|Any CPU
		{65EF13D8-F90A-402B-B379-3884CB574DD1}.Debug|Any CPU.ActiveCfg = Debug|Any CPU
		{65EF13D8-F90A-402B-B379-3884CB574DD1}.Debug|Any CPU.Build.0 = Debug|Any CPU
		{65EF13D8-F90A-402B-B379-3884CB574DD1}.Release|Any CPU.ActiveCfg = Release|Any CPU
		{65EF13D8-F90A-402B-B379-3884CB574DD1}.Release|Any CPU.Build.0 = Release|Any CPU
		{DF9E5CD7-87D9-4069-A5A3-2A4D6DF0F712}.Debug|Any CPU.ActiveCfg = Debug|Any CPU
		{DF9E5CD7-87D9-4069-A5A3-2A4D6DF0F712}.Debug|Any CPU.Build.0 = Debug|Any CPU
		{DF9E5CD7-87D9-4069-A5A3-2A4D6DF0F712}.Release|Any CPU.ActiveCfg = Release|Any CPU
		{DF9E5CD7-87D9-4069-A5A3-2A4D6DF0F712}.Release|Any CPU.Build.0 = Release|Any CPU
	EndGlobalSection
	GlobalSection(SolutionProperties) = preSolution
		HideSolutionNode = FALSE
	EndGlobalSection
	GlobalSection(ExtensibilityGlobals) = postSolution
		SolutionGuid = {2233092A-74F6-4639-B347-69C2A8F5E428}
	EndGlobalSection
EndGlobal
