
Microsoft Visual Studio Solution File, Format Version 12.00
# Visual Studio Version 17
VisualStudioVersion = 17.8.34330.188
MinimumVisualStudioVersion = 10.0.40219.1
Project("{FAE04EC0-301F-11D3-BF4B-00C04F79EFBC}") = "The Triangle Farmer", "The Triangle Farmer\The Triangle Farmer.csproj", "{0987BF14-8C46-49E7-83DF-FE0DE12F403E}"
EndProject
Project("{FAE04EC0-301F-11D3-BF4B-00C04F79EFBC}") = "The Four Sisters and the Duckbear", "The Four Sisters and the Duckbear\The Four Sisters and the Duckbear.csproj", "{BAEEF8BF-A072-4681-A080-710969C20E9D}"
EndProject
Project("{FAE04EC0-301F-11D3-BF4B-00C04F79EFBC}") = "The Dominion of Kings", "The Dominion of Kings\The Dominion of Kings.csproj", "{57E67E71-1A7E-48EF-9E61-B00DFA55B042}"
EndProject
Global
	GlobalSection(SolutionConfigurationPlatforms) = preSolution
		Debug|Any CPU = Debug|Any CPU
		Release|Any CPU = Release|Any CPU
	EndGlobalSection
	GlobalSection(ProjectConfigurationPlatforms) = postSolution
		{0987BF14-8C46-49E7-83DF-FE0DE12F403E}.Debug|Any CPU.ActiveCfg = Debug|Any CPU
		{0987BF14-8C46-49E7-83DF-FE0DE12F403E}.Debug|Any CPU.Build.0 = Debug|Any CPU
		{0987BF14-8C46-49E7-83DF-FE0DE12F403E}.Release|Any CPU.ActiveCfg = Release|Any CPU
		{0987BF14-8C46-49E7-83DF-FE0DE12F403E}.Release|Any CPU.Build.0 = Release|Any CPU
		{BAEEF8BF-A072-4681-A080-710969C20E9D}.Debug|Any CPU.ActiveCfg = Debug|Any CPU
		{BAEEF8BF-A072-4681-A080-710969C20E9D}.Debug|Any CPU.Build.0 = Debug|Any CPU
		{BAEEF8BF-A072-4681-A080-710969C20E9D}.Release|Any CPU.ActiveCfg = Release|Any CPU
		{BAEEF8BF-A072-4681-A080-710969C20E9D}.Release|Any CPU.Build.0 = Release|Any CPU
		{57E67E71-1A7E-48EF-9E61-B00DFA55B042}.Debug|Any CPU.ActiveCfg = Debug|Any CPU
		{57E67E71-1A7E-48EF-9E61-B00DFA55B042}.Debug|Any CPU.Build.0 = Debug|Any CPU
		{57E67E71-1A7E-48EF-9E61-B00DFA55B042}.Release|Any CPU.ActiveCfg = Release|Any CPU
		{57E67E71-1A7E-48EF-9E61-B00DFA55B042}.Release|Any CPU.Build.0 = Release|Any CPU
	EndGlobalSection
	GlobalSection(SolutionProperties) = preSolution
		HideSolutionNode = FALSE
	EndGlobalSection
	GlobalSection(ExtensibilityGlobals) = postSolution
		SolutionGuid = {B600C554-4BD6-4217-BC60-0685FC4DB8B0}
	EndGlobalSection
EndGlobal
