
Microsoft Visual Studio Solution File, Format Version 12.00
# Visual Studio Version 17
VisualStudioVersion = 17.8.34330.188
MinimumVisualStudioVersion = 10.0.40219.1
Project("{FAE04EC0-301F-11D3-BF4B-00C04F79EFBC}") = "Repairing the Clocktower", "Repairing the Clocktower\Repairing the Clocktower.csproj", "{7F7CDBDF-B02A-4001-90C8-B204AD88C499}"
EndProject
Project("{FAE04EC0-301F-11D3-BF4B-00C04F79EFBC}") = "Watchtower", "Watchtower\Watchtower.csproj", "{B002EC67-7901-4104-8B1A-328C4E5ED8BB}"
EndProject
Global
	GlobalSection(SolutionConfigurationPlatforms) = preSolution
		Debug|Any CPU = Debug|Any CPU
		Release|Any CPU = Release|Any CPU
	EndGlobalSection
	GlobalSection(ProjectConfigurationPlatforms) = postSolution
		{7F7CDBDF-B02A-4001-90C8-B204AD88C499}.Debug|Any CPU.ActiveCfg = Debug|Any CPU
		{7F7CDBDF-B02A-4001-90C8-B204AD88C499}.Debug|Any CPU.Build.0 = Debug|Any CPU
		{7F7CDBDF-B02A-4001-90C8-B204AD88C499}.Release|Any CPU.ActiveCfg = Release|Any CPU
		{7F7CDBDF-B02A-4001-90C8-B204AD88C499}.Release|Any CPU.Build.0 = Release|Any CPU
		{B002EC67-7901-4104-8B1A-328C4E5ED8BB}.Debug|Any CPU.ActiveCfg = Debug|Any CPU
		{B002EC67-7901-4104-8B1A-328C4E5ED8BB}.Debug|Any CPU.Build.0 = Debug|Any CPU
		{B002EC67-7901-4104-8B1A-328C4E5ED8BB}.Release|Any CPU.ActiveCfg = Release|Any CPU
		{B002EC67-7901-4104-8B1A-328C4E5ED8BB}.Release|Any CPU.Build.0 = Release|Any CPU
	EndGlobalSection
	GlobalSection(SolutionProperties) = preSolution
		HideSolutionNode = FALSE
	EndGlobalSection
	GlobalSection(ExtensibilityGlobals) = postSolution
		SolutionGuid = {3CFF54E0-521F-4721-B094-728E48D0A032}
	EndGlobalSection
EndGlobal
